
Microsoft Visual Studio Solution File, Format Version 12.00
# Visual Studio Version 16
VisualStudioVersion = 16.0.29326.143
MinimumVisualStudioVersion = 10.0.40219.1
Project("{8BC9CEB8-8B4A-11D0-8D11-00A0C91BC942}") = "Cloud_Tema2", "Cloud_Tema2\Cloud_Tema2.vcxproj", "{F5AB0374-B213-4D72-90C0-B831234C687E}"
EndProject
Global
	GlobalSection(SolutionConfigurationPlatforms) = preSolution
		Debug|x64 = Debug|x64
		Debug|x86 = Debug|x86
		Release|x64 = Release|x64
		Release|x86 = Release|x86
	EndGlobalSection
	GlobalSection(ProjectConfigurationPlatforms) = postSolution
		{F5AB0374-B213-4D72-90C0-B831234C687E}.Debug|x64.ActiveCfg = Debug|x64
		{F5AB0374-B213-4D72-90C0-B831234C687E}.Debug|x64.Build.0 = Debug|x64
		{F5AB0374-B213-4D72-90C0-B831234C687E}.Debug|x86.ActiveCfg = Debug|Win32
		{F5AB0374-B213-4D72-90C0-B831234C687E}.Debug|x86.Build.0 = Debug|Win32
		{F5AB0374-B213-4D72-90C0-B831234C687E}.Release|x64.ActiveCfg = Release|x64
		{F5AB0374-B213-4D72-90C0-B831234C687E}.Release|x64.Build.0 = Release|x64
		{F5AB0374-B213-4D72-90C0-B831234C687E}.Release|x86.ActiveCfg = Release|Win32
		{F5AB0374-B213-4D72-90C0-B831234C687E}.Release|x86.Build.0 = Release|Win32
	EndGlobalSection
	GlobalSection(SolutionProperties) = preSolution
		HideSolutionNode = FALSE
	EndGlobalSection
	GlobalSection(ExtensibilityGlobals) = postSolution
		SolutionGuid = {FE3DAA30-25B1-4D28-99C6-3507CD6A9ECA}
	EndGlobalSection
EndGlobal
